
Microsoft Visual Studio Solution File, Format Version 12.00
# Visual Studio Version 17
VisualStudioVersion = 17.6.33801.468
MinimumVisualStudioVersion = 10.0.40219.1
Project("{FAE04EC0-301F-11D3-BF4B-00C04F79EFBC}") = "vj1_app", "vj1_app.csproj", "{6ACC9FE2-1B4B-4CAE-8642-E82EBA0282DA}"
EndProject
Global
	GlobalSection(SolutionConfigurationPlatforms) = preSolution
		Debug|Any CPU = Debug|Any CPU
		Release|Any CPU = Release|Any CPU
	EndGlobalSection
	GlobalSection(ProjectConfigurationPlatforms) = postSolution
		{6ACC9FE2-1B4B-4CAE-8642-E82EBA0282DA}.Debug|Any CPU.ActiveCfg = Debug|Any CPU
		{6ACC9FE2-1B4B-4CAE-8642-E82EBA0282DA}.Debug|Any CPU.Build.0 = Debug|Any CPU
		{6ACC9FE2-1B4B-4CAE-8642-E82EBA0282DA}.Release|Any CPU.ActiveCfg = Release|Any CPU
		{6ACC9FE2-1B4B-4CAE-8642-E82EBA0282DA}.Release|Any CPU.Build.0 = Release|Any CPU
	EndGlobalSection
	GlobalSection(SolutionProperties) = preSolution
		HideSolutionNode = FALSE
	EndGlobalSection
	GlobalSection(ExtensibilityGlobals) = postSolution
		SolutionGuid = {E3E6C2DA-9AFD-4A84-9007-AE2F0FEE6DAB}
	EndGlobalSection
EndGlobal
